// !$*UTF8*$!
{
	archiveVersion = 1;
	classes = {
	};
	objectVersion = 60;
	objects = {

/* Begin PBXBuildFile section */
		B1000000000000000000000C /* StickApp.swift in Sources */ = {isa = PBXBuildFile; fileRef = F10000000000000000000008 /* StickApp.swift */; };
		B1000000000000000000000D /* ContentView.swift in Sources */ = {isa = PBXBuildFile; fileRef = F10000000000000000000009 /* ContentView.swift */; };
		B1000000000000000000000E /* StickState.swift in Sources */ = {isa = PBXBuildFile; fileRef = F1000000000000000000000A /* StickState.swift */; };
		B1000000000000000000000F /* StickFigureView.swift in Sources */ = {isa = PBXBuildFile; fileRef = F1000000000000000000000B /* StickFigureView.swift */; };
		B10000000000000000000010 /* DayTimelineView.swift in Sources */ = {isa = PBXBuildFile; fileRef = F1000000000000000000000C /* DayTimelineView.swift */; };
		B10000000000000000000011 /* TopBarView.swift in Sources */ = {isa = PBXBuildFile; fileRef = F1000000000000000000000D /* TopBarView.swift */; };
		B29900000000000000000A01 /* HealthKitService.swift in Sources */ = {isa = PBXBuildFile; fileRef = F29900000000000000000A01 /* HealthKitService.swift */; };
		B29900000000000000000A02 /* HealthStore.swift in Sources */ = {isa = PBXBuildFile; fileRef = F29900000000000000000A02 /* HealthStore.swift */; };
		B29900000000000000000A03 /* HealthAnalyzer.swift in Sources */ = {isa = PBXBuildFile; fileRef = F29900000000000000000A03 /* HealthAnalyzer.swift */; };
		B29900000000000000000A06 /* SleepAnalyzer.swift in Sources */ = {isa = PBXBuildFile; fileRef = F29900000000000000000A06 /* SleepAnalyzer.swift */; };
		B29900000000000000000A05 /* StateInference.swift in Sources */ = {isa = PBXBuildFile; fileRef = F29900000000000000000A05 /* StateInference.swift */; };
		B29900000000000000000A04 /* DataRecordView.swift in Sources */ = {isa = PBXBuildFile; fileRef = F29900000000000000000A04 /* DataRecordView.swift */; };
		B29900000000000000000A07 /* DeviceCapabilities.swift in Sources */ = {isa = PBXBuildFile; fileRef = F29900000000000000000A07 /* DeviceCapabilities.swift */; };

		B19900000000000000000099 /* PersonalView.swift in Sources */ = {isa = PBXBuildFile; fileRef = F19900000000000000000099 /* PersonalView.swift */; };
		B10000000000000000000012 /* FeatureRow.swift in Sources */ = {isa = PBXBuildFile; fileRef = F1000000000000000000000E /* FeatureRow.swift */; };
		B10000000000000000000013 /* InputBar.swift in Sources */ = {isa = PBXBuildFile; fileRef = F1000000000000000000000F /* InputBar.swift */; };
		B10000000000000000000016 /* MiniFilmView.swift in Sources */ = {isa = PBXBuildFile; fileRef = F10000000000000000000012 /* MiniFilmView.swift */; };
		B20000000000000000000001 /* LLMService.swift in Sources */ = {isa = PBXBuildFile; fileRef = F20000000000000000000001 /* LLMService.swift */; };
		B10000000000000000000017 /* SleepAlertChip.swift in Sources */ = {isa = PBXBuildFile; fileRef = F10000000000000000000013 /* SleepAlertChip.swift */; };
		B20000000000000000000002 /* ChatView.swift in Sources */ = {isa = PBXBuildFile; fileRef = F20000000000000000000002 /* ChatView.swift */; };
		B50000000000000000000001 /* WidgetPreviewView.swift in Sources */ = {isa = PBXBuildFile; fileRef = F50000000000000000000001 /* WidgetPreviewView.swift */; };
		B10000000000000000000014 /* Assets.xcassets in Resources */ = {isa = PBXBuildFile; fileRef = F10000000000000000000010 /* Assets.xcassets */; };
		B10000000000000000000015 /* Preview Assets.xcassets in Resources */ = {isa = PBXBuildFile; fileRef = F10000000000000000000011 /* Preview Assets.xcassets */; };
		B40000000000000000000001 /* StickWidget.swift in Sources */ = {isa = PBXBuildFile; fileRef = F40000000000000000000001 /* StickWidget.swift */; };
		B40000000000000000000002 /* StickWidgetView.swift in Sources */ = {isa = PBXBuildFile; fileRef = F40000000000000000000004 /* StickWidgetView.swift */; };
		B40000000000000000000003 /* StickMediumWidgetView.swift in Sources */ = {isa = PBXBuildFile; fileRef = F40000000000000000000005 /* StickMediumWidgetView.swift */; };
		B50000000000000000000002 /* StickWidgetView.swift in Sources */ = {isa = PBXBuildFile; fileRef = F40000000000000000000004 /* StickWidgetView.swift */; };
		B50000000000000000000003 /* StickMediumWidgetView.swift in Sources */ = {isa = PBXBuildFile; fileRef = F40000000000000000000005 /* StickMediumWidgetView.swift */; };
		B50000000000000000000004 /* SleepReportView.swift in Sources */ = {isa = PBXBuildFile; fileRef = F50000000000000000000005 /* SleepReportView.swift */; };
		B40000000000000000000010 /* SharedState.swift in Sources */ = {isa = PBXBuildFile; fileRef = F40000000000000000000010 /* SharedState.swift */; };
		B40000000000000000000011 /* SharedState.swift in Sources */ = {isa = PBXBuildFile; fileRef = F40000000000000000000010 /* SharedState.swift */; };
		B40000000000000000000020 /* StickWidget.appex in Embed Foundation Extensions */ = {isa = PBXBuildFile; fileRef = F40000000000000000000020 /* StickWidget.appex */; settings = {ATTRIBUTES = (RemoveHeadersOnCopy, ); }; };
/* End PBXBuildFile section */

/* Begin PBXFileReference section */
		F10000000000000000000001 /* Stick.app */ = {isa = PBXFileReference; explicitFileType = wrapper.application; includeInIndex = 0; path = Stick.app; sourceTree = BUILT_PRODUCTS_DIR; };
		F10000000000000000000008 /* StickApp.swift */ = {isa = PBXFileReference; lastKnownFileType = sourcecode.swift; path = StickApp.swift; sourceTree = "<group>"; };
		F10000000000000000000009 /* ContentView.swift */ = {isa = PBXFileReference; lastKnownFileType = sourcecode.swift; path = ContentView.swift; sourceTree = "<group>"; };
		F1000000000000000000000A /* StickState.swift */ = {isa = PBXFileReference; lastKnownFileType = sourcecode.swift; path = StickState.swift; sourceTree = "<group>"; };
		F1000000000000000000000B /* StickFigureView.swift */ = {isa = PBXFileReference; lastKnownFileType = sourcecode.swift; path = StickFigureView.swift; sourceTree = "<group>"; };
		F1000000000000000000000C /* DayTimelineView.swift */ = {isa = PBXFileReference; lastKnownFileType = sourcecode.swift; path = DayTimelineView.swift; sourceTree = "<group>"; };
		F1000000000000000000000D /* TopBarView.swift */ = {isa = PBXFileReference; lastKnownFileType = sourcecode.swift; path = TopBarView.swift; sourceTree = "<group>"; };
		F29900000000000000000A01 /* HealthKitService.swift */ = {isa = PBXFileReference; lastKnownFileType = sourcecode.swift; path = HealthKitService.swift; sourceTree = "<group>"; };
		F29900000000000000000A02 /* HealthStore.swift */ = {isa = PBXFileReference; lastKnownFileType = sourcecode.swift; path = HealthStore.swift; sourceTree = "<group>"; };
		F29900000000000000000A03 /* HealthAnalyzer.swift */ = {isa = PBXFileReference; lastKnownFileType = sourcecode.swift; path = HealthAnalyzer.swift; sourceTree = "<group>"; };
		F29900000000000000000A06 /* SleepAnalyzer.swift */ = {isa = PBXFileReference; lastKnownFileType = sourcecode.swift; path = SleepAnalyzer.swift; sourceTree = "<group>"; };
		F29900000000000000000A07 /* DeviceCapabilities.swift */ = {isa = PBXFileReference; lastKnownFileType = sourcecode.swift; path = DeviceCapabilities.swift; sourceTree = "<group>"; };
		F29900000000000000000A05 /* StateInference.swift */ = {isa = PBXFileReference; lastKnownFileType = sourcecode.swift; path = StateInference.swift; sourceTree = "<group>"; };
		F29900000000000000000A04 /* DataRecordView.swift */ = {isa = PBXFileReference; lastKnownFileType = sourcecode.swift; path = DataRecordView.swift; sourceTree = "<group>"; };
		F29900000000000000000B01 /* Stick.entitlements */ = {isa = PBXFileReference; lastKnownFileType = text.plist.entitlements; path = Stick.entitlements; sourceTree = "<group>"; };

		F19900000000000000000099 /* PersonalView.swift */ = {isa = PBXFileReference; lastKnownFileType = sourcecode.swift; path = PersonalView.swift; sourceTree = "<group>"; };
		F1000000000000000000000E /* FeatureRow.swift */ = {isa = PBXFileReference; lastKnownFileType = sourcecode.swift; path = FeatureRow.swift; sourceTree = "<group>"; };
		F1000000000000000000000F /* InputBar.swift */ = {isa = PBXFileReference; lastKnownFileType = sourcecode.swift; path = InputBar.swift; sourceTree = "<group>"; };
		F10000000000000000000012 /* MiniFilmView.swift */ = {isa = PBXFileReference; lastKnownFileType = sourcecode.swift; path = MiniFilmView.swift; sourceTree = "<group>"; };
		F20000000000000000000001 /* LLMService.swift */ = {isa = PBXFileReference; lastKnownFileType = sourcecode.swift; path = LLMService.swift; sourceTree = "<group>"; };
		F10000000000000000000013 /* SleepAlertChip.swift */ = {isa = PBXFileReference; lastKnownFileType = sourcecode.swift; path = Views/SleepAlertChip.swift; sourceTree = "<group>"; };
		F20000000000000000000002 /* ChatView.swift */ = {isa = PBXFileReference; lastKnownFileType = sourcecode.swift; path = ChatView.swift; sourceTree = "<group>"; };
		F50000000000000000000001 /* WidgetPreviewView.swift */ = {isa = PBXFileReference; lastKnownFileType = sourcecode.swift; path = WidgetPreviewView.swift; sourceTree = "<group>"; };
		F50000000000000000000005 /* SleepReportView.swift */ = {isa = PBXFileReference; lastKnownFileType = sourcecode.swift; path = SleepReportView.swift; sourceTree = "<group>"; };
		F10000000000000000000010 /* Assets.xcassets */ = {isa = PBXFileReference; lastKnownFileType = folder.assetcatalog; path = Assets.xcassets; sourceTree = "<group>"; };
		F10000000000000000000011 /* Preview Assets.xcassets */ = {isa = PBXFileReference; lastKnownFileType = folder.assetcatalog; path = "Preview Assets.xcassets"; sourceTree = "<group>"; };
		F40000000000000000000001 /* StickWidget.swift */ = {isa = PBXFileReference; lastKnownFileType = sourcecode.swift; path = StickWidget.swift; sourceTree = "<group>"; };
		F40000000000000000000004 /* StickWidgetView.swift */ = {isa = PBXFileReference; lastKnownFileType = sourcecode.swift; path = StickWidgetView.swift; sourceTree = "<group>"; };
		F40000000000000000000005 /* StickMediumWidgetView.swift */ = {isa = PBXFileReference; lastKnownFileType = sourcecode.swift; path = StickMediumWidgetView.swift; sourceTree = "<group>"; };
		F40000000000000000000002 /* Info.plist */ = {isa = PBXFileReference; lastKnownFileType = text.plist.xml; path = Info.plist; sourceTree = "<group>"; };
		F40000000000000000000003 /* StickWidget.entitlements */ = {isa = PBXFileReference; lastKnownFileType = text.plist.entitlements; path = StickWidget.entitlements; sourceTree = "<group>"; };
		F40000000000000000000010 /* SharedState.swift */ = {isa = PBXFileReference; lastKnownFileType = sourcecode.swift; path = SharedState.swift; sourceTree = "<group>"; };
		F40000000000000000000020 /* StickWidget.appex */ = {isa = PBXFileReference; explicitFileType = "wrapper.app-extension"; includeInIndex = 0; path = StickWidget.appex; sourceTree = BUILT_PRODUCTS_DIR; };
/* End PBXFileReference section */

/* Begin PBXFrameworksBuildPhase section */
		P10000000000000000000002 /* Frameworks */ = {
			isa = PBXFrameworksBuildPhase;
			buildActionMask = 2147483647;
			files = (
			);
			runOnlyForDeploymentPostprocessing = 0;
		};
		P40000000000000000000001 /* Frameworks */ = {
			isa = PBXFrameworksBuildPhase;
			buildActionMask = 2147483647;
			files = (
			);
			runOnlyForDeploymentPostprocessing = 0;
		};
/* End PBXFrameworksBuildPhase section */

/* Begin PBXGroup section */
		G10000000000000000000001 = {
			isa = PBXGroup;
			children = (
				G10000000000000000000002 /* Stick */,
				G40000000000000000000002 /* SharedKit */,
				G40000000000000000000001 /* StickWidget */,
				G10000000000000000000003 /* Products */,
			);
			sourceTree = "<group>";
		};
		G10000000000000000000002 /* Stick */ = {
			isa = PBXGroup;
			children = (
				F10000000000000000000008 /* StickApp.swift */,
				F10000000000000000000009 /* ContentView.swift */,
				G10000000000000000000004 /* Models */,
				G10000000000000000000005 /* Views */,
				G20000000000000000000006 /* Services */,
				F10000000000000000000010 /* Assets.xcassets */,
				F10000000000000000000011 /* Preview Assets.xcassets */,
				F10000000000000000000013 /* SleepAlertChip.swift */,
			);
			path = Stick;
			sourceTree = "<group>";
		};
		G10000000000000000000003 /* Products */ = {
			isa = PBXGroup;
			children = (
				F10000000000000000000001 /* Stick.app */,
				F40000000000000000000020 /* StickWidget.appex */,
			);
			name = Products;
			sourceTree = "<group>";
		};
		G10000000000000000000004 /* Models */ = {
			isa = PBXGroup;
			children = (
				F1000000000000000000000A /* StickState.swift */,
			);
			path = Models;
			sourceTree = "<group>";
		};
		G10000000000000000000005 /* Views */ = {
			isa = PBXGroup;
			children = (
				F1000000000000000000000B /* StickFigureView.swift */,
				F1000000000000000000000C /* DayTimelineView.swift */,
				F1000000000000000000000D /* TopBarView.swift */,
				F19900000000000000000099 /* PersonalView.swift */,
				F29900000000000000000A04 /* DataRecordView.swift */,
				F1000000000000000000000E /* FeatureRow.swift */,
				F1000000000000000000000F /* InputBar.swift */,
				F10000000000000000000012 /* MiniFilmView.swift */,
				F20000000000000000000002 /* ChatView.swift */,
				F50000000000000000000001 /* WidgetPreviewView.swift */,
				F50000000000000000000005 /* SleepReportView.swift */,
			);
			path = Views;
			sourceTree = "<group>";
		};
		G20000000000000000000006 /* Services */ = {
			isa = PBXGroup;
			children = (
				F20000000000000000000001 /* LLMService.swift */,
				F29900000000000000000A01 /* HealthKitService.swift */,
				F29900000000000000000A02 /* HealthStore.swift */,
				F29900000000000000000A03 /* HealthAnalyzer.swift */,
				F29900000000000000000A06 /* SleepAnalyzer.swift */,
				F29900000000000000000A05 /* StateInference.swift */,
				F29900000000000000000A07 /* DeviceCapabilities.swift */,
			);
			path = Services;
			sourceTree = "<group>";
		};
		G40000000000000000000002 /* SharedKit */ = {
			isa = PBXGroup;
			children = (
				F40000000000000000000010 /* SharedState.swift */,
			);
			path = SharedKit;
			sourceTree = "<group>";
		};
		G40000000000000000000001 /* StickWidget */ = {
			isa = PBXGroup;
			children = (
				F40000000000000000000001 /* StickWidget.swift */,
				F40000000000000000000004 /* StickWidgetView.swift */,
				F40000000000000000000005 /* StickMediumWidgetView.swift */,
				F40000000000000000000002 /* Info.plist */,
				F40000000000000000000003 /* StickWidget.entitlements */,
			);
			path = StickWidget;
			sourceTree = "<group>";
		};
/* End PBXGroup section */

/* Begin PBXNativeTarget section */
		T10000000000000000000001 /* Stick */ = {
			isa = PBXNativeTarget;
			buildConfigurationList = C1000000000000000000000A /* Build configuration list for PBXNativeTarget "Stick" */;
			buildPhases = (
				P10000000000000000000003 /* Sources */,
				P10000000000000000000002 /* Frameworks */,
				P10000000000000000000004 /* Resources */,
				P40000000000000000000004 /* Embed Foundation Extensions */,
			);
			buildRules = (
			);
			dependencies = (
				B40000000000000000000021 /* PBXTargetDependency */,
			);
			name = Stick;
			productName = Stick;
			productReference = F10000000000000000000001 /* Stick.app */;
			productType = "com.apple.product-type.application";
		};
		T40000000000000000000001 /* StickWidget */ = {
			isa = PBXNativeTarget;
			buildConfigurationList = C40000000000000000000003 /* Build configuration list for PBXNativeTarget "StickWidget" */;
			buildPhases = (
				P40000000000000000000002 /* Sources */,
				P40000000000000000000001 /* Frameworks */,
				P40000000000000000000003 /* Resources */,
			);
			buildRules = (
			);
			dependencies = (
			);
			name = StickWidget;
			productName = StickWidget;
			productReference = F40000000000000000000020 /* StickWidget.appex */;
			productType = "com.apple.product-type.app-extension";
		};
/* End PBXNativeTarget section */

/* Begin PBXProject section */
		R10000000000000000000001 /* Project object */ = {
			isa = PBXProject;
			attributes = {
				BuildIndependentTargetsInParallel = 1;
				LastSwiftUpdateCheck = 1500;
				LastUpgradeCheck = 1500;
				TargetAttributes = {
					T10000000000000000000001 = {
						CreatedOnToolsVersion = 15.0;
					};
				};
			};
			buildConfigurationList = C1000000000000000000000B /* Build configuration list for PBXProject "Stick" */;
			compatibilityVersion = "Xcode 14.0";
			developmentRegion = en;
			hasScannedForEncodings = 0;
			knownRegions = (
				en,
				Base,
			);
			mainGroup = G10000000000000000000001;
			productRefGroup = G10000000000000000000003 /* Products */;
			projectDirPath = "";
			projectRoot = "";
			targets = (
				T10000000000000000000001 /* Stick */,
				T40000000000000000000001 /* StickWidget */,
			);
		};
/* End PBXProject section */

/* Begin PBXContainerItemProxy section */
		B40000000000000000000022 /* PBXContainerItemProxy */ = {
			isa = PBXContainerItemProxy;
			containerPortal = R10000000000000000000001 /* Project object */;
			proxyType = 1;
			remoteGlobalIDString = T40000000000000000000001;
			remoteInfo = StickWidget;
		};
/* End PBXContainerItemProxy section */

/* Begin PBXTargetDependency section */
		B40000000000000000000021 /* PBXTargetDependency */ = {
			isa = PBXTargetDependency;
			target = T40000000000000000000001 /* StickWidget */;
			targetProxy = B40000000000000000000022 /* PBXContainerItemProxy */;
		};
/* End PBXTargetDependency section */

/* Begin PBXResourcesBuildPhase section */
		P10000000000000000000004 /* Resources */ = {
			isa = PBXResourcesBuildPhase;
			buildActionMask = 2147483647;
			files = (
				B10000000000000000000014 /* Assets.xcassets in Resources */,
				B10000000000000000000015 /* Preview Assets.xcassets in Resources */,
			);
			runOnlyForDeploymentPostprocessing = 0;
		};
		P40000000000000000000003 /* Resources */ = {
			isa = PBXResourcesBuildPhase;
			buildActionMask = 2147483647;
			files = (
			);
			runOnlyForDeploymentPostprocessing = 0;
		};
/* End PBXResourcesBuildPhase section */

/* Begin PBXCopyFilesBuildPhase section */
		P40000000000000000000004 /* Embed Foundation Extensions */ = {
			isa = PBXCopyFilesBuildPhase;
			buildActionMask = 2147483647;
			dstPath = "";
			dstSubfolderSpec = 13;
			files = (
				B40000000000000000000020 /* StickWidget.appex in Embed Foundation Extensions */,
			);
			name = "Embed Foundation Extensions";
			runOnlyForDeploymentPostprocessing = 0;
		};
/* End PBXCopyFilesBuildPhase section */

/* Begin PBXSourcesBuildPhase section */
		P10000000000000000000003 /* Sources */ = {
			isa = PBXSourcesBuildPhase;
			buildActionMask = 2147483647;
			files = (
				B1000000000000000000000C /* StickApp.swift in Sources */,
				B1000000000000000000000D /* ContentView.swift in Sources */,
				B1000000000000000000000E /* StickState.swift in Sources */,
				B1000000000000000000000F /* StickFigure.swift in Sources */,
				B10000000000000000000010 /* SegmentedControl.swift in Sources */,
				B10000000000000000000011 /* TopBarView.swift in Sources */,
				B29900000000000000000A01 /* HealthKitService.swift in Sources */,
				B29900000000000000000A02 /* HealthStore.swift in Sources */,
				B29900000000000000000A03 /* HealthAnalyzer.swift in Sources */,
				B29900000000000000000A06 /* SleepAnalyzer.swift in Sources */,
				B29900000000000000000A05 /* StateInference.swift in Sources */,
				B29900000000000000000A07 /* DeviceCapabilities.swift in Sources */,
				B29900000000000000000A04 /* DataRecordView.swift in Sources */,
				B40000000000000000000010 /* SharedState.swift in Sources */,

				B19900000000000000000099 /* PersonalView.swift in Sources */,
				B10000000000000000000012 /* FeatureRow.swift in Sources */,
				B10000000000000000000013 /* InputBar.swift in Sources */,
				B10000000000000000000016 /* MiniFilmView.swift in Sources */,
				B20000000000000000000001 /* LLMService.swift in Sources */,
				B20000000000000000000002 /* ChatView.swift in Sources */,
				B10000000000000000000017 /* SleepAlertChip.swift in Sources */,
				B50000000000000000000001 /* WidgetPreviewView.swift in Sources */,
				B50000000000000000000002 /* StickWidgetView.swift in Sources */,
				B50000000000000000000003 /* StickMediumWidgetView.swift in Sources */,
				B50000000000000000000004 /* SleepReportView.swift in Sources */,
			);
			runOnlyForDeploymentPostprocessing = 0;
		};
		P40000000000000000000002 /* Sources */ = {
			isa = PBXSourcesBuildPhase;
			buildActionMask = 2147483647;
			files = (
				B40000000000000000000001 /* StickWidget.swift in Sources */,
				B40000000000000000000002 /* StickWidgetView.swift in Sources */,
				B40000000000000000000003 /* StickMediumWidgetView.swift in Sources */,
				B40000000000000000000011 /* SharedState.swift in Sources */,
			);
			runOnlyForDeploymentPostprocessing = 0;
		};
/* End PBXSourcesBuildPhase section */

/* Begin XCBuildConfiguration section */
		C10000000000000000000001 /* Debug */ = {
			isa = XCBuildConfiguration;
			buildSettings = {
				ALWAYS_SEARCH_USER_PATHS = NO;
				CLANG_ANALYZER_NONNULL = YES;
				CLANG_ANALYZER_NUMBER_OBJECT_CONVERSION = YES_AGGRESSIVE;
				CLANG_CXX_LANGUAGE_STANDARD = "gnu++20";
				CLANG_ENABLE_MODULES = YES;
				CLANG_ENABLE_OBJC_ARC = YES;
				CLANG_ENABLE_OBJC_WEAK = YES;
				CLANG_WARN_BLOCK_CAPTURE_AUTORELEASING = YES;
				CLANG_WARN_BOOL_CONVERSION = YES;
				CLANG_WARN_COMMA = YES;
				CLANG_WARN_CONSTANT_CONVERSION = YES;
				CLANG_WARN_DEPRECATED_OBJC_IMPLEMENTATIONS = YES;
				CLANG_WARN_DIRECT_OBJC_ISA_USAGE = YES_ERROR;
				CLANG_WARN_DOCUMENTATION_COMMENTS = YES;
				CLANG_WARN_EMPTY_BODY = YES;
				CLANG_WARN_ENUM_CONVERSION = YES;
				CLANG_WARN_INFINITE_RECURSION = YES;
				CLANG_WARN_INT_CONVERSION = YES;
				CLANG_WARN_NON_LITERAL_NULL_CONVERSION = YES;
				CLANG_WARN_OBJC_IMPLICIT_RETAIN_SELF = YES;
				CLANG_WARN_OBJC_LITERAL_CONVERSION = YES;
				CLANG_WARN_OBJC_ROOT_CLASS = YES_ERROR;
				CLANG_WARN_QUOTED_INCLUDE_IN_FRAMEWORK_HEADER = YES;
				CLANG_WARN_RANGE_LOOP_ANALYSIS = YES;
				CLANG_WARN_STRICT_PROTOTYPES = YES;
				CLANG_WARN_SUSPICIOUS_MOVE = YES;
				CLANG_WARN_UNGUARDED_AVAILABILITY = YES_AGGRESSIVE;
				CLANG_WARN_UNREACHABLE_CODE = YES;
				CLANG_WARN__DUPLICATE_METHOD_MATCH = YES;
				COPY_PHASE_STRIP = NO;
				DEBUG_INFORMATION_FORMAT = dwarf;
				ENABLE_STRICT_OBJC_MSGSEND = YES;
				ENABLE_TESTABILITY = YES;
				ENABLE_USER_SCRIPT_SANDBOXING = YES;
				GCC_C_LANGUAGE_STANDARD = gnu17;
				GCC_DYNAMIC_NO_PIC = NO;
				GCC_NO_COMMON_BLOCKS = YES;
				GCC_OPTIMIZATION_LEVEL = 0;
				GCC_PREPROCESSOR_DEFINITIONS = (
					"DEBUG=1",
					"$(inherited)",
				);
				GCC_WARN_64_TO_32_BIT_CONVERSION = YES;
				GCC_WARN_ABOUT_RETURN_TYPE = YES_ERROR;
				GCC_WARN_UNDECLARED_SELECTOR = YES;
				GCC_WARN_UNINITIALIZED_AUTOS = YES_AGGRESSIVE;
				GCC_WARN_UNUSED_FUNCTION = YES;
				GCC_WARN_UNUSED_VARIABLE = YES;
				IPHONEOS_DEPLOYMENT_TARGET = 17.0;
				LOCALIZATION_PREFERS_STRING_CATALOGS = YES;
				MTL_ENABLE_DEBUG_INFO = INCLUDE_SOURCE;
				MTL_FAST_MATH = YES;
				ONLY_ACTIVE_ARCH = YES;
				SDKROOT = iphoneos;
				SWIFT_ACTIVE_COMPILATION_CONDITIONS = "DEBUG $(inherited)";
				SWIFT_OPTIMIZATION_LEVEL = "-Onone";
			};
			name = Debug;
		};
		C10000000000000000000002 /* Release */ = {
			isa = XCBuildConfiguration;
			buildSettings = {
				ALWAYS_SEARCH_USER_PATHS = NO;
				CLANG_ANALYZER_NONNULL = YES;
				CLANG_ANALYZER_NUMBER_OBJECT_CONVERSION = YES_AGGRESSIVE;
				CLANG_CXX_LANGUAGE_STANDARD = "gnu++20";
				CLANG_ENABLE_MODULES = YES;
				CLANG_ENABLE_OBJC_ARC = YES;
				CLANG_ENABLE_OBJC_WEAK = YES;
				CLANG_WARN_BLOCK_CAPTURE_AUTORELEASING = YES;
				CLANG_WARN_BOOL_CONVERSION = YES;
				CLANG_WARN_COMMA = YES;
				CLANG_WARN_CONSTANT_CONVERSION = YES;
				CLANG_WARN_DEPRECATED_OBJC_IMPLEMENTATIONS = YES;
				CLANG_WARN_DIRECT_OBJC_ISA_USAGE = YES_ERROR;
				CLANG_WARN_DOCUMENTATION_COMMENTS = YES;
				CLANG_WARN_EMPTY_BODY = YES;
				CLANG_WARN_ENUM_CONVERSION = YES;
				CLANG_WARN_INFINITE_RECURSION = YES;
				CLANG_WARN_INT_CONVERSION = YES;
				CLANG_WARN_NON_LITERAL_NULL_CONVERSION = YES;
				CLANG_WARN_OBJC_IMPLICIT_RETAIN_SELF = YES;
				CLANG_WARN_OBJC_LITERAL_CONVERSION = YES;
				CLANG_WARN_OBJC_ROOT_CLASS = YES_ERROR;
				CLANG_WARN_QUOTED_INCLUDE_IN_FRAMEWORK_HEADER = YES;
				CLANG_WARN_RANGE_LOOP_ANALYSIS = YES;
				CLANG_WARN_STRICT_PROTOTYPES = YES;
				CLANG_WARN_SUSPICIOUS_MOVE = YES;
				CLANG_WARN_UNGUARDED_AVAILABILITY = YES_AGGRESSIVE;
				CLANG_WARN_UNREACHABLE_CODE = YES;
				CLANG_WARN__DUPLICATE_METHOD_MATCH = YES;
				COPY_PHASE_STRIP = NO;
				DEBUG_INFORMATION_FORMAT = "dwarf-with-dsym";
				ENABLE_NS_ASSERTIONS = NO;
				ENABLE_STRICT_OBJC_MSGSEND = YES;
				ENABLE_USER_SCRIPT_SANDBOXING = YES;
				GCC_C_LANGUAGE_STANDARD = gnu17;
				GCC_NO_COMMON_BLOCKS = YES;
				GCC_WARN_64_TO_32_BIT_CONVERSION = YES;
				GCC_WARN_ABOUT_RETURN_TYPE = YES_ERROR;
				GCC_WARN_UNDECLARED_SELECTOR = YES;
				GCC_WARN_UNINITIALIZED_AUTOS = YES_AGGRESSIVE;
				GCC_WARN_UNUSED_FUNCTION = YES;
				GCC_WARN_UNUSED_VARIABLE = YES;
				IPHONEOS_DEPLOYMENT_TARGET = 17.0;
				LOCALIZATION_PREFERS_STRING_CATALOGS = YES;
				MTL_ENABLE_DEBUG_INFO = NO;
				MTL_FAST_MATH = YES;
				SDKROOT = iphoneos;
				SWIFT_COMPILATION_MODE = wholemodule;
				VALIDATE_PRODUCT = YES;
			};
			name = Release;
		};
		C10000000000000000000003 /* Debug */ = {
			isa = XCBuildConfiguration;
			buildSettings = {
				ASSETCATALOG_COMPILER_APPICON_NAME = AppIcon;
				ASSETCATALOG_COMPILER_GLOBAL_ACCENT_COLOR_NAME = AccentColor;
				CODE_SIGN_STYLE = Automatic;
				CURRENT_PROJECT_VERSION = 1;
				DEVELOPMENT_ASSET_PATHS = "\"Stick/Preview Content\"";
				ENABLE_PREVIEWS = YES;
				GENERATE_INFOPLIST_FILE = YES;
				INFOPLIST_KEY_UIApplicationSceneManifest_Generation = YES;
				INFOPLIST_KEY_NSHealthShareUsageDescription = "读取健康数据用于展示你的身体状态";
				CODE_SIGN_ENTITLEMENTS = Stick/Stick.entitlements;
				INFOPLIST_KEY_UIApplicationSupportsIndirectInputEvents = YES;
				INFOPLIST_KEY_UILaunchScreen_Generation = YES;
				INFOPLIST_KEY_UISupportedInterfaceOrientations_iPhone = "UIInterfaceOrientationPortrait";
				IPHONEOS_DEPLOYMENT_TARGET = 17.0;
				LD_RUNPATH_SEARCH_PATHS = (
					"$(inherited)",
					"@executable_path/Frameworks",
				);
				MARKETING_VERSION = 1.0;
				PRODUCT_BUNDLE_IDENTIFIER = com.stick.app;
				PRODUCT_NAME = "$(TARGET_NAME)";
				SWIFT_EMIT_LOC_STRINGS = YES;
				SWIFT_VERSION = 5.0;
				TARGETED_DEVICE_FAMILY = 1;
			};
			name = Debug;
		};
		C10000000000000000000004 /* Release */ = {
			isa = XCBuildConfiguration;
			buildSettings = {
				ASSETCATALOG_COMPILER_APPICON_NAME = AppIcon;
				ASSETCATALOG_COMPILER_GLOBAL_ACCENT_COLOR_NAME = AccentColor;
				CODE_SIGN_STYLE = Automatic;
				CURRENT_PROJECT_VERSION = 1;
				DEVELOPMENT_ASSET_PATHS = "\"Stick/Preview Content\"";
				ENABLE_PREVIEWS = YES;
				GENERATE_INFOPLIST_FILE = YES;
				INFOPLIST_KEY_UIApplicationSceneManifest_Generation = YES;
				INFOPLIST_KEY_NSHealthShareUsageDescription = "读取健康数据用于展示你的身体状态";
				CODE_SIGN_ENTITLEMENTS = Stick/Stick.entitlements;
				INFOPLIST_KEY_UIApplicationSupportsIndirectInputEvents = YES;
				INFOPLIST_KEY_UILaunchScreen_Generation = YES;
				INFOPLIST_KEY_UISupportedInterfaceOrientations_iPhone = "UIInterfaceOrientationPortrait";
				IPHONEOS_DEPLOYMENT_TARGET = 17.0;
				LD_RUNPATH_SEARCH_PATHS = (
					"$(inherited)",
					"@executable_path/Frameworks",
				);
				MARKETING_VERSION = 1.0;
				PRODUCT_BUNDLE_IDENTIFIER = com.stick.app;
				PRODUCT_NAME = "$(TARGET_NAME)";
				SWIFT_EMIT_LOC_STRINGS = YES;
				SWIFT_VERSION = 5.0;
				TARGETED_DEVICE_FAMILY = 1;
			};
			name = Release;
		};
		C40000000000000000000001 /* Debug */ = {
			isa = XCBuildConfiguration;
			buildSettings = {
				CODE_SIGN_STYLE = Automatic;
				CURRENT_PROJECT_VERSION = 1;
				GENERATE_INFOPLIST_FILE = NO;
				INFOPLIST_FILE = StickWidget/Info.plist;
				INFOPLIST_KEY_CFBundleDisplayName = StickWidget;
				LD_RUNPATH_SEARCH_PATHS = (
					"$(inherited)",
					"@executable_path/Frameworks",
					"@executable_path/../../Frameworks",
				);
				MARKETING_VERSION = 1.0;
				PRODUCT_BUNDLE_IDENTIFIER = com.stick.app.StickWidget;
				PRODUCT_NAME = "$(TARGET_NAME)";
				SKIP_INSTALL = YES;
				SWIFT_EMIT_LOC_STRINGS = YES;
				SWIFT_VERSION = 5.0;
				TARGETED_DEVICE_FAMILY = "1,2";
				CODE_SIGN_ENTITLEMENTS = StickWidget/StickWidget.entitlements;
			};
			name = Debug;
		};
		C40000000000000000000002 /* Release */ = {
			isa = XCBuildConfiguration;
			buildSettings = {
				CODE_SIGN_STYLE = Automatic;
				CURRENT_PROJECT_VERSION = 1;
				GENERATE_INFOPLIST_FILE = NO;
				INFOPLIST_FILE = StickWidget/Info.plist;
				INFOPLIST_KEY_CFBundleDisplayName = StickWidget;
				LD_RUNPATH_SEARCH_PATHS = (
					"$(inherited)",
					"@executable_path/Frameworks",
					"@executable_path/../../Frameworks",
				);
				MARKETING_VERSION = 1.0;
				PRODUCT_BUNDLE_IDENTIFIER = com.stick.app.StickWidget;
				PRODUCT_NAME = "$(TARGET_NAME)";
				SKIP_INSTALL = YES;
				SWIFT_EMIT_LOC_STRINGS = YES;
				SWIFT_VERSION = 5.0;
				TARGETED_DEVICE_FAMILY = "1,2";
				CODE_SIGN_ENTITLEMENTS = StickWidget/StickWidget.entitlements;
			};
			name = Release;
		};
/* End XCBuildConfiguration section */

/* Begin XCConfigurationList section */
		C1000000000000000000000A /* Build configuration list for PBXNativeTarget "Stick" */ = {
			isa = XCConfigurationList;
			buildConfigurations = (
				C10000000000000000000003 /* Debug */,
				C10000000000000000000004 /* Release */,
			);
			defaultConfigurationIsVisible = 0;
			defaultConfigurationName = Release;
		};
		C1000000000000000000000B /* Build configuration list for PBXProject "Stick" */ = {
			isa = XCConfigurationList;
			buildConfigurations = (
				C10000000000000000000001 /* Debug */,
				C10000000000000000000002 /* Release */,
			);
			defaultConfigurationIsVisible = 0;
			defaultConfigurationName = Release;
		};
		C40000000000000000000003 /* Build configuration list for PBXNativeTarget "StickWidget" */ = {
			isa = XCConfigurationList;
			buildConfigurations = (
				C40000000000000000000001 /* Debug */,
				C40000000000000000000002 /* Release */,
			);
			defaultConfigurationIsVisible = 0;
			defaultConfigurationName = Release;
		};
/* End XCConfigurationList section */
	};
	rootObject = R10000000000000000000001 /* Project object */;
}
